// !$*UTF8*$!
{
	archiveVersion = 1;
	classes = {
	};
	objectVersion = 46;
	objects = {

/* Begin PBXBuildFile section */
		197C5AEC1ECAD0D7005163F7 /* main.m in Sources */ = {isa = PBXBuildFile; fileRef = 197C5AEB1ECAD0D7005163F7 /* main.m */; };
		197C5AF71ECAD0D7005163F7 /* Assets.xcassets in Resources */ = {isa = PBXBuildFile; fileRef = 197C5AF61ECAD0D7005163F7 /* Assets.xcassets */; };
		197C5AFA1ECAD0D7005163F7 /* LaunchScreen.storyboard in Resources */ = {isa = PBXBuildFile; fileRef = 197C5AF81ECAD0D7005163F7 /* LaunchScreen.storyboard */; };
		197C5B051ECAD0D7005163F7 /* YSTests.m in Sources */ = {isa = PBXBuildFile; fileRef = 197C5B041ECAD0D7005163F7 /* YSTests.m */; };
		197C5B101ECAD0D7005163F7 /* YSUITests.m in Sources */ = {isa = PBXBuildFile; fileRef = 197C5B0F1ECAD0D7005163F7 /* YSUITests.m */; };
		197C5B201ECAD136005163F7 /* AppDelegate.m in Sources */ = {isa = PBXBuildFile; fileRef = 197C5B1F1ECAD136005163F7 /* AppDelegate.m */; };
		197C5B2E1ECAD1FB005163F7 /* BaseNavController.m in Sources */ = {isa = PBXBuildFile; fileRef = 197C5B241ECAD1FB005163F7 /* BaseNavController.m */; };
		197C5B2F1ECAD1FB005163F7 /* BaseTabbarController.m in Sources */ = {isa = PBXBuildFile; fileRef = 197C5B261ECAD1FB005163F7 /* BaseTabbarController.m */; };
		197C5B331ECAD1FB005163F7 /* BaseViewController.m in Sources */ = {isa = PBXBuildFile; fileRef = 197C5B2B1ECAD1FB005163F7 /* BaseViewController.m */; };
		19C3EE791ECAD3CA00E613DB /* UIBarButtonItem+Extension.m in Sources */ = {isa = PBXBuildFile; fileRef = 19C3EE781ECAD3CA00E613DB /* UIBarButtonItem+Extension.m */; };
		19C3EE861ECADCAC00E613DB /* ShopViewController.m in Sources */ = {isa = PBXBuildFile; fileRef = 19C3EE851ECADCAC00E613DB /* ShopViewController.m */; };
		19C3EE891ECADCC200E613DB /* CustomerController.m in Sources */ = {isa = PBXBuildFile; fileRef = 19C3EE881ECADCC200E613DB /* CustomerController.m */; };
		19C3EE8C1ECADCD500E613DB /* MarketingController.m in Sources */ = {isa = PBXBuildFile; fileRef = 19C3EE8B1ECADCD500E613DB /* MarketingController.m */; };
		19C3EE8F1ECADCE800E613DB /* MoreViewController.m in Sources */ = {isa = PBXBuildFile; fileRef = 19C3EE8E1ECADCE800E613DB /* MoreViewController.m */; };
		7AC1A6C169454EDD31060943 /* Pods_YS.framework in Frameworks */ = {isa = PBXBuildFile; fileRef = 53FF2FE757382F164A5FC96A /* Pods_YS.framework */; };
/* End PBXBuildFile section */

/* Begin PBXContainerItemProxy section */
		197C5B011ECAD0D7005163F7 /* PBXContainerItemProxy */ = {
			isa = PBXContainerItemProxy;
			containerPortal = 197C5ADF1ECAD0D6005163F7 /* Project object */;
			proxyType = 1;
			remoteGlobalIDString = 197C5AE61ECAD0D6005163F7;
			remoteInfo = YS;
		};
		197C5B0C1ECAD0D7005163F7 /* PBXContainerItemProxy */ = {
			isa = PBXContainerItemProxy;
			containerPortal = 197C5ADF1ECAD0D6005163F7 /* Project object */;
			proxyType = 1;
			remoteGlobalIDString = 197C5AE61ECAD0D6005163F7;
			remoteInfo = YS;
		};
/* End PBXContainerItemProxy section */

/* Begin PBXFileReference section */
		197C5AE71ECAD0D7005163F7 /* YS.app */ = {isa = PBXFileReference; explicitFileType = wrapper.application; includeInIndex = 0; path = YS.app; sourceTree = BUILT_PRODUCTS_DIR; };
		197C5AEB1ECAD0D7005163F7 /* main.m */ = {isa = PBXFileReference; lastKnownFileType = sourcecode.c.objc; path = main.m; sourceTree = "<group>"; };
		197C5AF61ECAD0D7005163F7 /* Assets.xcassets */ = {isa = PBXFileReference; lastKnownFileType = folder.assetcatalog; path = Assets.xcassets; sourceTree = "<group>"; };
		197C5AF91ECAD0D7005163F7 /* Base */ = {isa = PBXFileReference; lastKnownFileType = file.storyboard; name = Base; path = Base.lproj/LaunchScreen.storyboard; sourceTree = "<group>"; };
		197C5AFB1ECAD0D7005163F7 /* Info.plist */ = {isa = PBXFileReference; lastKnownFileType = text.plist.xml; path = Info.plist; sourceTree = "<group>"; };
		197C5B001ECAD0D7005163F7 /* YSTests.xctest */ = {isa = PBXFileReference; explicitFileType = wrapper.cfbundle; includeInIndex = 0; path = YSTests.xctest; sourceTree = BUILT_PRODUCTS_DIR; };
		197C5B041ECAD0D7005163F7 /* YSTests.m */ = {isa = PBXFileReference; lastKnownFileType = sourcecode.c.objc; path = YSTests.m; sourceTree = "<group>"; };
		197C5B061ECAD0D7005163F7 /* Info.plist */ = {isa = PBXFileReference; lastKnownFileType = text.plist.xml; path = Info.plist; sourceTree = "<group>"; };
		197C5B0B1ECAD0D7005163F7 /* YSUITests.xctest */ = {isa = PBXFileReference; explicitFileType = wrapper.cfbundle; includeInIndex = 0; path = YSUITests.xctest; sourceTree = BUILT_PRODUCTS_DIR; };
		197C5B0F1ECAD0D7005163F7 /* YSUITests.m */ = {isa = PBXFileReference; lastKnownFileType = sourcecode.c.objc; path = YSUITests.m; sourceTree = "<group>"; };
		197C5B111ECAD0D7005163F7 /* Info.plist */ = {isa = PBXFileReference; lastKnownFileType = text.plist.xml; path = Info.plist; sourceTree = "<group>"; };
		197C5B1E1ECAD136005163F7 /* AppDelegate.h */ = {isa = PBXFileReference; fileEncoding = 4; lastKnownFileType = sourcecode.c.h; path = AppDelegate.h; sourceTree = "<group>"; };
		197C5B1F1ECAD136005163F7 /* AppDelegate.m */ = {isa = PBXFileReference; fileEncoding = 4; lastKnownFileType = sourcecode.c.objc; path = AppDelegate.m; sourceTree = "<group>"; };
		197C5B231ECAD1FB005163F7 /* BaseNavController.h */ = {isa = PBXFileReference; fileEncoding = 4; lastKnownFileType = sourcecode.c.h; path = BaseNavController.h; sourceTree = "<group>"; };
		197C5B241ECAD1FB005163F7 /* BaseNavController.m */ = {isa = PBXFileReference; fileEncoding = 4; lastKnownFileType = sourcecode.c.objc; path = BaseNavController.m; sourceTree = "<group>"; };
		197C5B251ECAD1FB005163F7 /* BaseTabbarController.h */ = {isa = PBXFileReference; fileEncoding = 4; lastKnownFileType = sourcecode.c.h; path = BaseTabbarController.h; sourceTree = "<group>"; };
		197C5B261ECAD1FB005163F7 /* BaseTabbarController.m */ = {isa = PBXFileReference; fileEncoding = 4; lastKnownFileType = sourcecode.c.objc; path = BaseTabbarController.m; sourceTree = "<group>"; };
		197C5B2A1ECAD1FB005163F7 /* BaseViewController.h */ = {isa = PBXFileReference; fileEncoding = 4; lastKnownFileType = sourcecode.c.h; path = BaseViewController.h; sourceTree = "<group>"; };
		197C5B2B1ECAD1FB005163F7 /* BaseViewController.m */ = {isa = PBXFileReference; fileEncoding = 4; lastKnownFileType = sourcecode.c.objc; path = BaseViewController.m; sourceTree = "<group>"; };
		19C3EE771ECAD3CA00E613DB /* UIBarButtonItem+Extension.h */ = {isa = PBXFileReference; fileEncoding = 4; lastKnownFileType = sourcecode.c.h; path = "UIBarButtonItem+Extension.h"; sourceTree = "<group>"; };
		19C3EE781ECAD3CA00E613DB /* UIBarButtonItem+Extension.m */ = {isa = PBXFileReference; fileEncoding = 4; lastKnownFileType = sourcecode.c.objc; path = "UIBarButtonItem+Extension.m"; sourceTree = "<group>"; };
		19C3EE7C1ECAD4AF00E613DB /* MacroTools.h */ = {isa = PBXFileReference; fileEncoding = 4; lastKnownFileType = sourcecode.c.h; path = MacroTools.h; sourceTree = "<group>"; };
		19C3EE7E1ECAD5FB00E613DB /* PrefixHeader.pch */ = {isa = PBXFileReference; lastKnownFileType = sourcecode.c.h; path = PrefixHeader.pch; sourceTree = "<group>"; };
		19C3EE841ECADCAC00E613DB /* ShopViewController.h */ = {isa = PBXFileReference; fileEncoding = 4; lastKnownFileType = sourcecode.c.h; path = ShopViewController.h; sourceTree = "<group>"; };
		19C3EE851ECADCAC00E613DB /* ShopViewController.m */ = {isa = PBXFileReference; fileEncoding = 4; lastKnownFileType = sourcecode.c.objc; path = ShopViewController.m; sourceTree = "<group>"; };
		19C3EE871ECADCC200E613DB /* CustomerController.h */ = {isa = PBXFileReference; fileEncoding = 4; lastKnownFileType = sourcecode.c.h; path = CustomerController.h; sourceTree = "<group>"; };
		19C3EE881ECADCC200E613DB /* CustomerController.m */ = {isa = PBXFileReference; fileEncoding = 4; lastKnownFileType = sourcecode.c.objc; path = CustomerController.m; sourceTree = "<group>"; };
		19C3EE8A1ECADCD500E613DB /* MarketingController.h */ = {isa = PBXFileReference; fileEncoding = 4; lastKnownFileType = sourcecode.c.h; path = MarketingController.h; sourceTree = "<group>"; };
		19C3EE8B1ECADCD500E613DB /* MarketingController.m */ = {isa = PBXFileReference; fileEncoding = 4; lastKnownFileType = sourcecode.c.objc; path = MarketingController.m; sourceTree = "<group>"; };
		19C3EE8D1ECADCE800E613DB /* MoreViewController.h */ = {isa = PBXFileReference; fileEncoding = 4; lastKnownFileType = sourcecode.c.h; path = MoreViewController.h; sourceTree = "<group>"; };
		19C3EE8E1ECADCE800E613DB /* MoreViewController.m */ = {isa = PBXFileReference; fileEncoding = 4; lastKnownFileType = sourcecode.c.objc; path = MoreViewController.m; sourceTree = "<group>"; };
		53FF2FE757382F164A5FC96A /* Pods_YS.framework */ = {isa = PBXFileReference; explicitFileType = wrapper.framework; includeInIndex = 0; path = Pods_YS.framework; sourceTree = BUILT_PRODUCTS_DIR; };
		9811B34BC2627EA4D23990F2 /* Pods-YS.debug.xcconfig */ = {isa = PBXFileReference; includeInIndex = 1; lastKnownFileType = text.xcconfig; name = "Pods-YS.debug.xcconfig"; path = "Pods/Target Support Files/Pods-YS/Pods-YS.debug.xcconfig"; sourceTree = "<group>"; };
		F341D703726867C5A5875BBD /* Pods-YS.release.xcconfig */ = {isa = PBXFileReference; includeInIndex = 1; lastKnownFileType = text.xcconfig; name = "Pods-YS.release.xcconfig"; path = "Pods/Target Support Files/Pods-YS/Pods-YS.release.xcconfig"; sourceTree = "<group>"; };
/* End PBXFileReference section */

/* Begin PBXFrameworksBuildPhase section */
		197C5AE41ECAD0D6005163F7 /* Frameworks */ = {
			isa = PBXFrameworksBuildPhase;
			buildActionMask = 2147483647;
			files = (
				7AC1A6C169454EDD31060943 /* Pods_YS.framework in Frameworks */,
			);
			runOnlyForDeploymentPostprocessing = 0;
		};
		197C5AFD1ECAD0D7005163F7 /* Frameworks */ = {
			isa = PBXFrameworksBuildPhase;
			buildActionMask = 2147483647;
			files = (
			);
			runOnlyForDeploymentPostprocessing = 0;
		};
		197C5B081ECAD0D7005163F7 /* Frameworks */ = {
			isa = PBXFrameworksBuildPhase;
			buildActionMask = 2147483647;
			files = (
			);
			runOnlyForDeploymentPostprocessing = 0;
		};
/* End PBXFrameworksBuildPhase section */

/* Begin PBXGroup section */
		06922C4A4316FBA3D74A9ED1 /* Pods */ = {
			isa = PBXGroup;
			children = (
				9811B34BC2627EA4D23990F2 /* Pods-YS.debug.xcconfig */,
				F341D703726867C5A5875BBD /* Pods-YS.release.xcconfig */,
			);
			name = Pods;
			sourceTree = "<group>";
		};
		197C5ADE1ECAD0D6005163F7 = {
			isa = PBXGroup;
			children = (
				197C5AE91ECAD0D7005163F7 /* YS */,
				197C5B031ECAD0D7005163F7 /* YSTests */,
				197C5B0E1ECAD0D7005163F7 /* YSUITests */,
				197C5AE81ECAD0D7005163F7 /* Products */,
				06922C4A4316FBA3D74A9ED1 /* Pods */,
				41871592004FA18252E86CB8 /* Frameworks */,
			);
			sourceTree = "<group>";
		};
		197C5AE81ECAD0D7005163F7 /* Products */ = {
			isa = PBXGroup;
			children = (
				197C5AE71ECAD0D7005163F7 /* YS.app */,
				197C5B001ECAD0D7005163F7 /* YSTests.xctest */,
				197C5B0B1ECAD0D7005163F7 /* YSUITests.xctest */,
			);
			name = Products;
			sourceTree = "<group>";
		};
		197C5AE91ECAD0D7005163F7 /* YS */ = {
			isa = PBXGroup;
			children = (
				197C5B1D1ECAD136005163F7 /* AppDelegate */,
				197C5B211ECAD1EC005163F7 /* Classes */,
				197C5AF61ECAD0D7005163F7 /* Assets.xcassets */,
				197C5AF81ECAD0D7005163F7 /* LaunchScreen.storyboard */,
				197C5AFB1ECAD0D7005163F7 /* Info.plist */,
				197C5AEA1ECAD0D7005163F7 /* Supporting Files */,
			);
			path = YS;
			sourceTree = "<group>";
		};
		197C5AEA1ECAD0D7005163F7 /* Supporting Files */ = {
			isa = PBXGroup;
			children = (
				197C5AEB1ECAD0D7005163F7 /* main.m */,
			);
			name = "Supporting Files";
			sourceTree = "<group>";
		};
		197C5B031ECAD0D7005163F7 /* YSTests */ = {
			isa = PBXGroup;
			children = (
				197C5B041ECAD0D7005163F7 /* YSTests.m */,
				197C5B061ECAD0D7005163F7 /* Info.plist */,
			);
			path = YSTests;
			sourceTree = "<group>";
		};
		197C5B0E1ECAD0D7005163F7 /* YSUITests */ = {
			isa = PBXGroup;
			children = (
				197C5B0F1ECAD0D7005163F7 /* YSUITests.m */,
				197C5B111ECAD0D7005163F7 /* Info.plist */,
			);
			path = YSUITests;
			sourceTree = "<group>";
		};
		197C5B1D1ECAD136005163F7 /* AppDelegate */ = {
			isa = PBXGroup;
			children = (
				197C5B1E1ECAD136005163F7 /* AppDelegate.h */,
				197C5B1F1ECAD136005163F7 /* AppDelegate.m */,
			);
			path = AppDelegate;
			sourceTree = "<group>";
		};
		197C5B211ECAD1EC005163F7 /* Classes */ = {
			isa = PBXGroup;
			children = (
				19C3EE7F1ECADBF200E613DB /* Controllers */,
				197C5B361ECAD355005163F7 /* Others */,
				197C5B221ECAD1FB005163F7 /* Base */,
			);
			path = Classes;
			sourceTree = "<group>";
		};
		197C5B221ECAD1FB005163F7 /* Base */ = {
			isa = PBXGroup;
			children = (
				197C5B231ECAD1FB005163F7 /* BaseNavController.h */,
				197C5B241ECAD1FB005163F7 /* BaseNavController.m */,
				197C5B251ECAD1FB005163F7 /* BaseTabbarController.h */,
				197C5B261ECAD1FB005163F7 /* BaseTabbarController.m */,
				197C5B2A1ECAD1FB005163F7 /* BaseViewController.h */,
				197C5B2B1ECAD1FB005163F7 /* BaseViewController.m */,
			);
			path = Base;
			sourceTree = "<group>";
		};
		197C5B361ECAD355005163F7 /* Others */ = {
			isa = PBXGroup;
			children = (
				19C3EE7D1ECAD57500E613DB /* PrefixHeader */,
				19C3EE7A1ECAD44F00E613DB /* Macros */,
				19C3EE761ECAD3CA00E613DB /* Category */,
				197C5B371ECAD36D005163F7 /* ThirdLib */,
			);
			path = Others;
			sourceTree = "<group>";
		};
		197C5B371ECAD36D005163F7 /* ThirdLib */ = {
			isa = PBXGroup;
			children = (
			);
			path = ThirdLib;
			sourceTree = "<group>";
		};
		19C3EE761ECAD3CA00E613DB /* Category */ = {
			isa = PBXGroup;
			children = (
				19C3EE771ECAD3CA00E613DB /* UIBarButtonItem+Extension.h */,
				19C3EE781ECAD3CA00E613DB /* UIBarButtonItem+Extension.m */,
			);
			path = Category;
			sourceTree = "<group>";
		};
		19C3EE7A1ECAD44F00E613DB /* Macros */ = {
			isa = PBXGroup;
			children = (
				19C3EE7C1ECAD4AF00E613DB /* MacroTools.h */,
			);
			path = Macros;
			sourceTree = "<group>";
		};
		19C3EE7D1ECAD57500E613DB /* PrefixHeader */ = {
			isa = PBXGroup;
			children = (
				19C3EE7E1ECAD5FB00E613DB /* PrefixHeader.pch */,
			);
			path = PrefixHeader;
			sourceTree = "<group>";
		};
		19C3EE7F1ECADBF200E613DB /* Controllers */ = {
			isa = PBXGroup;
			children = (
				19C3EE801ECADC8A00E613DB /* Customer（客户） */,
				19C3EE811ECADC8A00E613DB /* Marketing（营销） */,
				19C3EE821ECADC8A00E613DB /* More（更多） */,
				19C3EE831ECADC8A00E613DB /* Shop（店铺） */,
			);
			path = Controllers;
			sourceTree = "<group>";
		};
		19C3EE801ECADC8A00E613DB /* Customer（客户） */ = {
			isa = PBXGroup;
			children = (
				19C3EE871ECADCC200E613DB /* CustomerController.h */,
				19C3EE881ECADCC200E613DB /* CustomerController.m */,
			);
			path = "Customer（客户）";
			sourceTree = "<group>";
		};
		19C3EE811ECADC8A00E613DB /* Marketing（营销） */ = {
			isa = PBXGroup;
			children = (
				19C3EE8A1ECADCD500E613DB /* MarketingController.h */,
				19C3EE8B1ECADCD500E613DB /* MarketingController.m */,
			);
			path = "Marketing（营销）";
			sourceTree = "<group>";
		};
		19C3EE821ECADC8A00E613DB /* More（更多） */ = {
			isa = PBXGroup;
			children = (
				19C3EE8D1ECADCE800E613DB /* MoreViewController.h */,
				19C3EE8E1ECADCE800E613DB /* MoreViewController.m */,
			);
			path = "More（更多）";
			sourceTree = "<group>";
		};
		19C3EE831ECADC8A00E613DB /* Shop（店铺） */ = {
			isa = PBXGroup;
			children = (
				19C3EE841ECADCAC00E613DB /* ShopViewController.h */,
				19C3EE851ECADCAC00E613DB /* ShopViewController.m */,
			);
			path = "Shop（店铺）";
			sourceTree = "<group>";
		};
		41871592004FA18252E86CB8 /* Frameworks */ = {
			isa = PBXGroup;
			children = (
				53FF2FE757382F164A5FC96A /* Pods_YS.framework */,
			);
			name = Frameworks;
			sourceTree = "<group>";
		};
/* End PBXGroup section */

/* Begin PBXNativeTarget section */
		197C5AE61ECAD0D6005163F7 /* YS */ = {
			isa = PBXNativeTarget;
			buildConfigurationList = 197C5B141ECAD0D7005163F7 /* Build configuration list for PBXNativeTarget "YS" */;
			buildPhases = (
				98C396E3E01AB76D01224D92 /* [CP] Check Pods Manifest.lock */,
				197C5AE31ECAD0D6005163F7 /* Sources */,
				197C5AE41ECAD0D6005163F7 /* Frameworks */,
				197C5AE51ECAD0D6005163F7 /* Resources */,
				253605454A49D18B84448FED /* [CP] Embed Pods Frameworks */,
				8C5FD488BE6F0A2245D4FEAA /* [CP] Copy Pods Resources */,
			);
			buildRules = (
			);
			dependencies = (
			);
			name = YS;
			productName = YS;
			productReference = 197C5AE71ECAD0D7005163F7 /* YS.app */;
			productType = "com.apple.product-type.application";
		};
		197C5AFF1ECAD0D7005163F7 /* YSTests */ = {
			isa = PBXNativeTarget;
			buildConfigurationList = 197C5B171ECAD0D7005163F7 /* Build configuration list for PBXNativeTarget "YSTests" */;
			buildPhases = (
				197C5AFC1ECAD0D7005163F7 /* Sources */,
				197C5AFD1ECAD0D7005163F7 /* Frameworks */,
				197C5AFE1ECAD0D7005163F7 /* Resources */,
			);
			buildRules = (
			);
			dependencies = (
				197C5B021ECAD0D7005163F7 /* PBXTargetDependency */,
			);
			name = YSTests;
			productName = YSTests;
			productReference = 197C5B001ECAD0D7005163F7 /* YSTests.xctest */;
			productType = "com.apple.product-type.bundle.unit-test";
		};
		197C5B0A1ECAD0D7005163F7 /* YSUITests */ = {
			isa = PBXNativeTarget;
			buildConfigurationList = 197C5B1A1ECAD0D7005163F7 /* Build configuration list for PBXNativeTarget "YSUITests" */;
			buildPhases = (
				197C5B071ECAD0D7005163F7 /* Sources */,
				197C5B081ECAD0D7005163F7 /* Frameworks */,
				197C5B091ECAD0D7005163F7 /* Resources */,
			);
			buildRules = (
			);
			dependencies = (
				197C5B0D1ECAD0D7005163F7 /* PBXTargetDependency */,
			);
			name = YSUITests;
			productName = YSUITests;
			productReference = 197C5B0B1ECAD0D7005163F7 /* YSUITests.xctest */;
			productType = "com.apple.product-type.bundle.ui-testing";
		};
/* End PBXNativeTarget section */

/* Begin PBXProject section */
		197C5ADF1ECAD0D6005163F7 /* Project object */ = {
			isa = PBXProject;
			attributes = {
				LastUpgradeCheck = 0800;
				ORGANIZATIONNAME = "北京山水风尚科技发展有限公司";
				TargetAttributes = {
					197C5AE61ECAD0D6005163F7 = {
						CreatedOnToolsVersion = 8.0;
						DevelopmentTeam = 3K7KPVR3UZ;
						ProvisioningStyle = Automatic;
					};
					197C5AFF1ECAD0D7005163F7 = {
						CreatedOnToolsVersion = 8.0;
						DevelopmentTeam = 3K7KPVR3UZ;
						ProvisioningStyle = Automatic;
						TestTargetID = 197C5AE61ECAD0D6005163F7;
					};
					197C5B0A1ECAD0D7005163F7 = {
						CreatedOnToolsVersion = 8.0;
						DevelopmentTeam = 3K7KPVR3UZ;
						ProvisioningStyle = Automatic;
						TestTargetID = 197C5AE61ECAD0D6005163F7;
					};
				};
			};
			buildConfigurationList = 197C5AE21ECAD0D6005163F7 /* Build configuration list for PBXProject "YS" */;
			compatibilityVersion = "Xcode 3.2";
			developmentRegion = English;
			hasScannedForEncodings = 0;
			knownRegions = (
				en,
				Base,
			);
			mainGroup = 197C5ADE1ECAD0D6005163F7;
			productRefGroup = 197C5AE81ECAD0D7005163F7 /* Products */;
			projectDirPath = "";
			projectRoot = "";
			targets = (
				197C5AE61ECAD0D6005163F7 /* YS */,
				197C5AFF1ECAD0D7005163F7 /* YSTests */,
				197C5B0A1ECAD0D7005163F7 /* YSUITests */,
			);
		};
/* End PBXProject section */

/* Begin PBXResourcesBuildPhase section */
		197C5AE51ECAD0D6005163F7 /* Resources */ = {
			isa = PBXResourcesBuildPhase;
			buildActionMask = 2147483647;
			files = (
				197C5AFA1ECAD0D7005163F7 /* LaunchScreen.storyboard in Resources */,
				197C5AF71ECAD0D7005163F7 /* Assets.xcassets in Resources */,
			);
			runOnlyForDeploymentPostprocessing = 0;
		};
		197C5AFE1ECAD0D7005163F7 /* Resources */ = {
			isa = PBXResourcesBuildPhase;
			buildActionMask = 2147483647;
			files = (
			);
			runOnlyForDeploymentPostprocessing = 0;
		};
		197C5B091ECAD0D7005163F7 /* Resources */ = {
			isa = PBXResourcesBuildPhase;
			buildActionMask = 2147483647;
			files = (
			);
			runOnlyForDeploymentPostprocessing = 0;
		};
/* End PBXResourcesBuildPhase section */

/* Begin PBXShellScriptBuildPhase section */
		253605454A49D18B84448FED /* [CP] Embed Pods Frameworks */ = {
			isa = PBXShellScriptBuildPhase;
			buildActionMask = 2147483647;
			files = (
			);
			inputPaths = (
			);
			name = "[CP] Embed Pods Frameworks";
			outputPaths = (
			);
			runOnlyForDeploymentPostprocessing = 0;
			shellPath = /bin/sh;
			shellScript = "\"${SRCROOT}/Pods/Target Support Files/Pods-YS/Pods-YS-frameworks.sh\"\n";
			showEnvVarsInLog = 0;
		};
		8C5FD488BE6F0A2245D4FEAA /* [CP] Copy Pods Resources */ = {
			isa = PBXShellScriptBuildPhase;
			buildActionMask = 2147483647;
			files = (
			);
			inputPaths = (
			);
			name = "[CP] Copy Pods Resources";
			outputPaths = (
			);
			runOnlyForDeploymentPostprocessing = 0;
			shellPath = /bin/sh;
			shellScript = "\"${SRCROOT}/Pods/Target Support Files/Pods-YS/Pods-YS-resources.sh\"\n";
			showEnvVarsInLog = 0;
		};
		98C396E3E01AB76D01224D92 /* [CP] Check Pods Manifest.lock */ = {
			isa = PBXShellScriptBuildPhase;
			buildActionMask = 2147483647;
			files = (
			);
			inputPaths = (
			);
			name = "[CP] Check Pods Manifest.lock";
			outputPaths = (
			);
			runOnlyForDeploymentPostprocessing = 0;
			shellPath = /bin/sh;
			shellScript = "diff \"${PODS_ROOT}/../Podfile.lock\" \"${PODS_ROOT}/Manifest.lock\" > /dev/null\nif [ $? != 0 ] ; then\n    # print error to STDERR\n    echo \"error: The sandbox is not in sync with the Podfile.lock. Run 'pod install' or update your CocoaPods installation.\" >&2\n    exit 1\nfi\n";
			showEnvVarsInLog = 0;
		};
/* End PBXShellScriptBuildPhase section */

/* Begin PBXSourcesBuildPhase section */
		197C5AE31ECAD0D6005163F7 /* Sources */ = {
			isa = PBXSourcesBuildPhase;
			buildActionMask = 2147483647;
			files = (
				19C3EE791ECAD3CA00E613DB /* UIBarButtonItem+Extension.m in Sources */,
				197C5B2F1ECAD1FB005163F7 /* BaseTabbarController.m in Sources */,
				197C5B331ECAD1FB005163F7 /* BaseViewController.m in Sources */,
				197C5B201ECAD136005163F7 /* AppDelegate.m in Sources */,
				19C3EE8C1ECADCD500E613DB /* MarketingController.m in Sources */,
				197C5AEC1ECAD0D7005163F7 /* main.m in Sources */,
				19C3EE891ECADCC200E613DB /* CustomerController.m in Sources */,
				197C5B2E1ECAD1FB005163F7 /* BaseNavController.m in Sources */,
				19C3EE861ECADCAC00E613DB /* ShopViewController.m in Sources */,
				19C3EE8F1ECADCE800E613DB /* MoreViewController.m in Sources */,
			);
			runOnlyForDeploymentPostprocessing = 0;
		};
		197C5AFC1ECAD0D7005163F7 /* Sources */ = {
			isa = PBXSourcesBuildPhase;
			buildActionMask = 2147483647;
			files = (
				197C5B051ECAD0D7005163F7 /* YSTests.m in Sources */,
			);
			runOnlyForDeploymentPostprocessing = 0;
		};
		197C5B071ECAD0D7005163F7 /* Sources */ = {
			isa = PBXSourcesBuildPhase;
			buildActionMask = 2147483647;
			files = (
				197C5B101ECAD0D7005163F7 /* YSUITests.m in Sources */,
			);
			runOnlyForDeploymentPostprocessing = 0;
		};
/* End PBXSourcesBuildPhase section */

/* Begin PBXTargetDependency section */
		197C5B021ECAD0D7005163F7 /* PBXTargetDependency */ = {
			isa = PBXTargetDependency;
			target = 197C5AE61ECAD0D6005163F7 /* YS */;
			targetProxy = 197C5B011ECAD0D7005163F7 /* PBXContainerItemProxy */;
		};
		197C5B0D1ECAD0D7005163F7 /* PBXTargetDependency */ = {
			isa = PBXTargetDependency;
			target = 197C5AE61ECAD0D6005163F7 /* YS */;
			targetProxy = 197C5B0C1ECAD0D7005163F7 /* PBXContainerItemProxy */;
		};
/* End PBXTargetDependency section */

/* Begin PBXVariantGroup section */
		197C5AF81ECAD0D7005163F7 /* LaunchScreen.storyboard */ = {
			isa = PBXVariantGroup;
			children = (
				197C5AF91ECAD0D7005163F7 /* Base */,
			);
			name = LaunchScreen.storyboard;
			sourceTree = "<group>";
		};
/* End PBXVariantGroup section */

/* Begin XCBuildConfiguration section */
		197C5B121ECAD0D7005163F7 /* Debug */ = {
			isa = XCBuildConfiguration;
			buildSettings = {
				ALWAYS_SEARCH_USER_PATHS = NO;
				CLANG_ANALYZER_NONNULL = YES;
				CLANG_CXX_LANGUAGE_STANDARD = "gnu++0x";
				CLANG_CXX_LIBRARY = "libc++";
				CLANG_ENABLE_MODULES = YES;
				CLANG_ENABLE_OBJC_ARC = YES;
				CLANG_WARN_BOOL_CONVERSION = YES;
				CLANG_WARN_CONSTANT_CONVERSION = YES;
				CLANG_WARN_DIRECT_OBJC_ISA_USAGE = YES_ERROR;
				CLANG_WARN_DOCUMENTATION_COMMENTS = YES;
				CLANG_WARN_EMPTY_BODY = YES;
				CLANG_WARN_ENUM_CONVERSION = YES;
				CLANG_WARN_INFINITE_RECURSION = YES;
				CLANG_WARN_INT_CONVERSION = YES;
				CLANG_WARN_OBJC_ROOT_CLASS = YES_ERROR;
				CLANG_WARN_SUSPICIOUS_MOVES = YES;
				CLANG_WARN_UNREACHABLE_CODE = YES;
				CLANG_WARN__DUPLICATE_METHOD_MATCH = YES;
				"CODE_SIGN_IDENTITY[sdk=iphoneos*]" = "iPhone Developer";
				COPY_PHASE_STRIP = NO;
				DEBUG_INFORMATION_FORMAT = dwarf;
				ENABLE_STRICT_OBJC_MSGSEND = YES;
				ENABLE_TESTABILITY = YES;
				GCC_C_LANGUAGE_STANDARD = gnu99;
				GCC_DYNAMIC_NO_PIC = NO;
				GCC_NO_COMMON_BLOCKS = YES;
				GCC_OPTIMIZATION_LEVEL = 0;
				GCC_PREPROCESSOR_DEFINITIONS = (
					"DEBUG=1",
					"$(inherited)",
				);
				GCC_WARN_64_TO_32_BIT_CONVERSION = YES;
				GCC_WARN_ABOUT_RETURN_TYPE = YES_ERROR;
				GCC_WARN_UNDECLARED_SELECTOR = YES;
				GCC_WARN_UNINITIALIZED_AUTOS = YES_AGGRESSIVE;
				GCC_WARN_UNUSED_FUNCTION = YES;
				GCC_WARN_UNUSED_VARIABLE = YES;
				IPHONEOS_DEPLOYMENT_TARGET = 10.0;
				MTL_ENABLE_DEBUG_INFO = YES;
				ONLY_ACTIVE_ARCH = YES;
				SDKROOT = iphoneos;
			};
			name = Debug;
		};
		197C5B131ECAD0D7005163F7 /* Release */ = {
			isa = XCBuildConfiguration;
			buildSettings = {
				ALWAYS_SEARCH_USER_PATHS = NO;
				CLANG_ANALYZER_NONNULL = YES;
				CLANG_CXX_LANGUAGE_STANDARD = "gnu++0x";
				CLANG_CXX_LIBRARY = "libc++";
				CLANG_ENABLE_MODULES = YES;
				CLANG_ENABLE_OBJC_ARC = YES;
				CLANG_WARN_BOOL_CONVERSION = YES;
				CLANG_WARN_CONSTANT_CONVERSION = YES;
				CLANG_WARN_DIRECT_OBJC_ISA_USAGE = YES_ERROR;
				CLANG_WARN_DOCUMENTATION_COMMENTS = YES;
				CLANG_WARN_EMPTY_BODY = YES;
				CLANG_WARN_ENUM_CONVERSION = YES;
				CLANG_WARN_INFINITE_RECURSION = YES;
				CLANG_WARN_INT_CONVERSION = YES;
				CLANG_WARN_OBJC_ROOT_CLASS = YES_ERROR;
				CLANG_WARN_SUSPICIOUS_MOVES = YES;
				CLANG_WARN_UNREACHABLE_CODE = YES;
				CLANG_WARN__DUPLICATE_METHOD_MATCH = YES;
				"CODE_SIGN_IDENTITY[sdk=iphoneos*]" = "iPhone Developer";
				COPY_PHASE_STRIP = NO;
				DEBUG_INFORMATION_FORMAT = "dwarf-with-dsym";
				ENABLE_NS_ASSERTIONS = NO;
				ENABLE_STRICT_OBJC_MSGSEND = YES;
				GCC_C_LANGUAGE_STANDARD = gnu99;
				GCC_NO_COMMON_BLOCKS = YES;
				GCC_WARN_64_TO_32_BIT_CONVERSION = YES;
				GCC_WARN_ABOUT_RETURN_TYPE = YES_ERROR;
				GCC_WARN_UNDECLARED_SELECTOR = YES;
				GCC_WARN_UNINITIALIZED_AUTOS = YES_AGGRESSIVE;
				GCC_WARN_UNUSED_FUNCTION = YES;
				GCC_WARN_UNUSED_VARIABLE = YES;
				IPHONEOS_DEPLOYMENT_TARGET = 10.0;
				MTL_ENABLE_DEBUG_INFO = NO;
				SDKROOT = iphoneos;
				VALIDATE_PRODUCT = YES;
			};
			name = Release;
		};
		197C5B151ECAD0D7005163F7 /* Debug */ = {
			isa = XCBuildConfiguration;
			baseConfigurationReference = 9811B34BC2627EA4D23990F2 /* Pods-YS.debug.xcconfig */;
			buildSettings = {
				ASSETCATALOG_COMPILER_APPICON_NAME = AppIcon;
				DEVELOPMENT_TEAM = 3K7KPVR3UZ;
				GCC_PRECOMPILE_PREFIX_HEADER = YES;
				GCC_PREFIX_HEADER = "$(SRCROOT)/YS/Classes/Others/PrefixHeader/PrefixHeader.pch";
				INFOPLIST_FILE = YS/Info.plist;
				LD_RUNPATH_SEARCH_PATHS = "$(inherited) @executable_path/Frameworks";
				PRODUCT_BUNDLE_IDENTIFIER = com.YS.www;
				PRODUCT_NAME = "$(TARGET_NAME)";
			};
			name = Debug;
		};
		197C5B161ECAD0D7005163F7 /* Release */ = {
			isa = XCBuildConfiguration;
			baseConfigurationReference = F341D703726867C5A5875BBD /* Pods-YS.release.xcconfig */;
			buildSettings = {
				ASSETCATALOG_COMPILER_APPICON_NAME = AppIcon;
				DEVELOPMENT_TEAM = 3K7KPVR3UZ;
				GCC_PRECOMPILE_PREFIX_HEADER = YES;
				GCC_PREFIX_HEADER = "$(SRCROOT)/YS/Classes/Others/PrefixHeader/PrefixHeader.pch";
				INFOPLIST_FILE = YS/Info.plist;
				LD_RUNPATH_SEARCH_PATHS = "$(inherited) @executable_path/Frameworks";
				PRODUCT_BUNDLE_IDENTIFIER = com.YS.www;
				PRODUCT_NAME = "$(TARGET_NAME)";
			};
			name = Release;
		};
		197C5B181ECAD0D7005163F7 /* Debug */ = {
			isa = XCBuildConfiguration;
			buildSettings = {
				BUNDLE_LOADER = "$(TEST_HOST)";
				DEVELOPMENT_TEAM = 3K7KPVR3UZ;
				INFOPLIST_FILE = YSTests/Info.plist;
				LD_RUNPATH_SEARCH_PATHS = "$(inherited) @executable_path/Frameworks @loader_path/Frameworks";
				PRODUCT_BUNDLE_IDENTIFIER = "---.YSTests";
				PRODUCT_NAME = "$(TARGET_NAME)";
				TEST_HOST = "$(BUILT_PRODUCTS_DIR)/YS.app/YS";
			};
			name = Debug;
		};
		197C5B191ECAD0D7005163F7 /* Release */ = {
			isa = XCBuildConfiguration;
			buildSettings = {
				BUNDLE_LOADER = "$(TEST_HOST)";
				DEVELOPMENT_TEAM = 3K7KPVR3UZ;
				INFOPLIST_FILE = YSTests/Info.plist;
				LD_RUNPATH_SEARCH_PATHS = "$(inherited) @executable_path/Frameworks @loader_path/Frameworks";
				PRODUCT_BUNDLE_IDENTIFIER = "---.YSTests";
				PRODUCT_NAME = "$(TARGET_NAME)";
				TEST_HOST = "$(BUILT_PRODUCTS_DIR)/YS.app/YS";
			};
			name = Release;
		};
		197C5B1B1ECAD0D7005163F7 /* Debug */ = {
			isa = XCBuildConfiguration;
			buildSettings = {
				DEVELOPMENT_TEAM = 3K7KPVR3UZ;
				INFOPLIST_FILE = YSUITests/Info.plist;
				LD_RUNPATH_SEARCH_PATHS = "$(inherited) @executable_path/Frameworks @loader_path/Frameworks";
				PRODUCT_BUNDLE_IDENTIFIER = "---.YSUITests";
				PRODUCT_NAME = "$(TARGET_NAME)";
				TEST_TARGET_NAME = YS;
			};
			name = Debug;
		};
		197C5B1C1ECAD0D7005163F7 /* Release */ = {
			isa = XCBuildConfiguration;
			buildSettings = {
				DEVELOPMENT_TEAM = 3K7KPVR3UZ;
				INFOPLIST_FILE = YSUITests/Info.plist;
				LD_RUNPATH_SEARCH_PATHS = "$(inherited) @executable_path/Frameworks @loader_path/Frameworks";
				PRODUCT_BUNDLE_IDENTIFIER = "---.YSUITests";
				PRODUCT_NAME = "$(TARGET_NAME)";
				TEST_TARGET_NAME = YS;
			};
			name = Release;
		};
/* End XCBuildConfiguration section */

/* Begin XCConfigurationList section */
		197C5AE21ECAD0D6005163F7 /* Build configuration list for PBXProject "YS" */ = {
			isa = XCConfigurationList;
			buildConfigurations = (
				197C5B121ECAD0D7005163F7 /* Debug */,
				197C5B131ECAD0D7005163F7 /* Release */,
			);
			defaultConfigurationIsVisible = 0;
			defaultConfigurationName = Release;
		};
		197C5B141ECAD0D7005163F7 /* Build configuration list for PBXNativeTarget "YS" */ = {
			isa = XCConfigurationList;
			buildConfigurations = (
				197C5B151ECAD0D7005163F7 /* Debug */,
				197C5B161ECAD0D7005163F7 /* Release */,
			);
			defaultConfigurationIsVisible = 0;
			defaultConfigurationName = Release;
		};
		197C5B171ECAD0D7005163F7 /* Build configuration list for PBXNativeTarget "YSTests" */ = {
			isa = XCConfigurationList;
			buildConfigurations = (
				197C5B181ECAD0D7005163F7 /* Debug */,
				197C5B191ECAD0D7005163F7 /* Release */,
			);
			defaultConfigurationIsVisible = 0;
			defaultConfigurationName = Release;
		};
		197C5B1A1ECAD0D7005163F7 /* Build configuration list for PBXNativeTarget "YSUITests" */ = {
			isa = XCConfigurationList;
			buildConfigurations = (
				197C5B1B1ECAD0D7005163F7 /* Debug */,
				197C5B1C1ECAD0D7005163F7 /* Release */,
			);
			defaultConfigurationIsVisible = 0;
			defaultConfigurationName = Release;
		};
/* End XCConfigurationList section */
	};
	rootObject = 197C5ADF1ECAD0D6005163F7 /* Project object */;
}
